
Microsoft Visual Studio Solution File, Format Version 12.00
# Visual Studio Version 16
VisualStudioVersion = 16.0.31702.278
MinimumVisualStudioVersion = 10.0.40219.1
Project("{FAE04EC0-301F-11D3-BF4B-00C04F79EFBC}") = "Employewageuc1", "Employewageuc1.csproj", "{A4582AF8-6694-4B4E-B45D-6641F1E1E425}"
EndProject
Global
	GlobalSection(SolutionConfigurationPlatforms) = preSolution
		Debug|Any CPU = Debug|Any CPU
		Release|Any CPU = Release|Any CPU
	EndGlobalSection
	GlobalSection(ProjectConfigurationPlatforms) = postSolution
		{A4582AF8-6694-4B4E-B45D-6641F1E1E425}.Debug|Any CPU.ActiveCfg = Debug|Any CPU
		{A4582AF8-6694-4B4E-B45D-6641F1E1E425}.Debug|Any CPU.Build.0 = Debug|Any CPU
		{A4582AF8-6694-4B4E-B45D-6641F1E1E425}.Release|Any CPU.ActiveCfg = Release|Any CPU
		{A4582AF8-6694-4B4E-B45D-6641F1E1E425}.Release|Any CPU.Build.0 = Release|Any CPU
	EndGlobalSection
	GlobalSection(SolutionProperties) = preSolution
		HideSolutionNode = FALSE
	EndGlobalSection
	GlobalSection(ExtensibilityGlobals) = postSolution
		SolutionGuid = {B873A4A6-6397-4C42-9717-4BF05A9FF783}
	EndGlobalSection
EndGlobal
